
Microsoft Visual Studio Solution File, Format Version 12.00
# Visual Studio Version 17
VisualStudioVersion = 17.4.33122.133
MinimumVisualStudioVersion = 10.0.40219.1
Project("{FAE04EC0-301F-11D3-BF4B-00C04F79EFBC}") = "NeyroHospital", "NeyroHospital\NeyroHospital.csproj", "{D436E2F1-F9C1-4F21-B22B-0DAE5B97CEA0}"
EndProject
Global
	GlobalSection(SolutionConfigurationPlatforms) = preSolution
		Debug|Any CPU = Debug|Any CPU
		Release|Any CPU = Release|Any CPU
	EndGlobalSection
	GlobalSection(ProjectConfigurationPlatforms) = postSolution
		{D436E2F1-F9C1-4F21-B22B-0DAE5B97CEA0}.Debug|Any CPU.ActiveCfg = Debug|Any CPU
		{D436E2F1-F9C1-4F21-B22B-0DAE5B97CEA0}.Debug|Any CPU.Build.0 = Debug|Any CPU
		{D436E2F1-F9C1-4F21-B22B-0DAE5B97CEA0}.Release|Any CPU.ActiveCfg = Release|Any CPU
		{D436E2F1-F9C1-4F21-B22B-0DAE5B97CEA0}.Release|Any CPU.Build.0 = Release|Any CPU
	EndGlobalSection
	GlobalSection(SolutionProperties) = preSolution
		HideSolutionNode = FALSE
	EndGlobalSection
	GlobalSection(ExtensibilityGlobals) = postSolution
		SolutionGuid = {92818FF6-9664-46E7-9521-CCB61AA62B67}
	EndGlobalSection
EndGlobal
